
Microsoft Visual Studio Solution File, Format Version 12.00
# Visual Studio 15
VisualStudioVersion = 15.0.28010.2041
MinimumVisualStudioVersion = 10.0.40219.1
Project("{D2ABAB84-BF74-430A-B69E-9DC6D40DDA17}") = "MultidimensionalProject1", "MultidimensionalProject1\MultidimensionalProject1.dwproj", "{F40ED695-B84E-4E2A-8106-48F39528D2B4}"
EndProject
Global
	GlobalSection(SolutionConfigurationPlatforms) = preSolution
		Development|Default = Development|Default
	EndGlobalSection
	GlobalSection(ProjectConfigurationPlatforms) = postSolution
		{F40ED695-B84E-4E2A-8106-48F39528D2B4}.Development|Default.ActiveCfg = Development
		{F40ED695-B84E-4E2A-8106-48F39528D2B4}.Development|Default.Build.0 = Development
		{F40ED695-B84E-4E2A-8106-48F39528D2B4}.Development|Default.Deploy.0 = Development
	EndGlobalSection
	GlobalSection(SolutionProperties) = preSolution
		HideSolutionNode = FALSE
	EndGlobalSection
	GlobalSection(ExtensibilityGlobals) = postSolution
		SolutionGuid = {AF0359D3-BAF0-4C55-8D2B-CCF10E95E129}
	EndGlobalSection
EndGlobal
